
Microsoft Visual Studio Solution File, Format Version 12.00
# Visual Studio Version 16
VisualStudioVersion = 16.0.30907.101
MinimumVisualStudioVersion = 10.0.40219.1
Project("{8BC9CEB8-8B4A-11D0-8D11-00A0C91BC942}") = "6.15", "6.15\6.15.vcxproj", "{544FF0B4-19C7-458B-BB94-74A3B67FB8D2}"
EndProject
Global
	GlobalSection(SolutionConfigurationPlatforms) = preSolution
		Debug|x64 = Debug|x64
		Debug|x86 = Debug|x86
		Release|x64 = Release|x64
		Release|x86 = Release|x86
	EndGlobalSection
	GlobalSection(ProjectConfigurationPlatforms) = postSolution
		{544FF0B4-19C7-458B-BB94-74A3B67FB8D2}.Debug|x64.ActiveCfg = Debug|x64
		{544FF0B4-19C7-458B-BB94-74A3B67FB8D2}.Debug|x64.Build.0 = Debug|x64
		{544FF0B4-19C7-458B-BB94-74A3B67FB8D2}.Debug|x86.ActiveCfg = Debug|Win32
		{544FF0B4-19C7-458B-BB94-74A3B67FB8D2}.Debug|x86.Build.0 = Debug|Win32
		{544FF0B4-19C7-458B-BB94-74A3B67FB8D2}.Release|x64.ActiveCfg = Release|x64
		{544FF0B4-19C7-458B-BB94-74A3B67FB8D2}.Release|x64.Build.0 = Release|x64
		{544FF0B4-19C7-458B-BB94-74A3B67FB8D2}.Release|x86.ActiveCfg = Release|Win32
		{544FF0B4-19C7-458B-BB94-74A3B67FB8D2}.Release|x86.Build.0 = Release|Win32
	EndGlobalSection
	GlobalSection(SolutionProperties) = preSolution
		HideSolutionNode = FALSE
	EndGlobalSection
	GlobalSection(ExtensibilityGlobals) = postSolution
		SolutionGuid = {802CA867-C98B-4932-8920-9E7A24A4AAA2}
	EndGlobalSection
EndGlobal
